{
  "version": 4,
  "terraform_version": "1.0.5",
  "serial": 327,
  "lineage": "92390dcc-fb38-3b3f-e86c-a97d5a00c60f",
  "outputs": {
    "asg_name": {
      "value": "test-asg-01",
      "type": "string"
    },
    "elb_dns_name": {
      "value": "test-lb-01-1800319522.us-east-1.elb.amazonaws.com",
      "type": "string"
    }
  },
  "resources": [
    {
      "mode": "managed",
      "type": "aws_autoscaling_group",
      "name": "test-asg-01",
      "provider": "provider[\"registry.terraform.io/hashicorp/aws\"]",
      "instances": [
        {
          "schema_version": 0,
          "attributes": {
            "arn": "arn:aws:autoscaling:us-east-1:649452086333:autoScalingGroup:6cd9c279-2c1f-4f11-a6fd-0491ee699f03:autoScalingGroupName/test-asg-01",
            "availability_zones": [
              "us-east-1d"
            ],
            "capacity_rebalance": false,
            "default_cooldown": 300,
            "desired_capacity": 1,
            "enabled_metrics": null,
            "force_delete": false,
            "force_delete_warm_pool": false,
            "health_check_grace_period": 300,
            "health_check_type": "EC2",
            "id": "test-asg-01",
            "initial_lifecycle_hook": [],
            "instance_refresh": [],
            "launch_configuration": "test-lc-20211213171255701800000003",
            "launch_template": [],
            "load_balancers": null,
            "max_instance_lifetime": 0,
            "max_size": 2,
            "metrics_granularity": "1Minute",
            "min_elb_capacity": null,
            "min_size": 1,
            "mixed_instances_policy": [],
            "name": "test-asg-01",
            "name_prefix": "",
            "placement_group": "",
            "protect_from_scale_in": false,
            "service_linked_role_arn": "arn:aws:iam::649452086333:role/aws-service-role/autoscaling.amazonaws.com/AWSServiceRoleForAutoScaling",
            "suspended_processes": null,
            "tag": [],
            "tags": [
              {
                "key": "Environment",
                "propagate_at_launch": "true",
                "value": "test"
              },
              {
                "key": "Name",
                "propagate_at_launch": "true",
                "value": "nodeJS-App-01"
              }
            ],
            "target_group_arns": null,
            "termination_policies": null,
            "timeouts": null,
            "vpc_zone_identifier": [
              "subnet-07ebbe5b471870eb9"
            ],
            "wait_for_capacity_timeout": "10m",
            "wait_for_elb_capacity": null,
            "warm_pool": []
          },
          "sensitive_attributes": [],
          "private": "eyJlMmJmYjczMC1lY2FhLTExZTYtOGY4OC0zNDM2M2JjN2M0YzAiOnsiZGVsZXRlIjo2MDAwMDAwMDAwMDB9fQ==",
          "dependencies": [
            "aws_iam_instance_profile.main",
            "aws_iam_role.instance_profile",
            "aws_launch_configuration.test-lc-01",
            "aws_security_group.test-autoscaling-sg-01",
            "aws_subnet.test-pub-subnet-01",
            "aws_vpc.test-vpc-01"
          ],
          "create_before_destroy": true
        }
      ]
    },
    {
      "mode": "managed",
      "type": "aws_autoscaling_policy",
      "name": "test-asg-scale-down",
      "provider": "provider[\"registry.terraform.io/hashicorp/aws\"]",
      "instances": [
        {
          "schema_version": 0,
          "attributes": {
            "adjustment_type": "ChangeInCapacity",
            "arn": "arn:aws:autoscaling:us-east-1:649452086333:scalingPolicy:33d39f05-6a1b-4af6-a613-fcd63c61f1e0:autoScalingGroupName/test-asg-01:policyName/test-asg-scale-down",
            "autoscaling_group_name": "test-asg-01",
            "cooldown": 300,
            "estimated_instance_warmup": 0,
            "id": "test-asg-scale-down",
            "metric_aggregation_type": "",
            "min_adjustment_magnitude": null,
            "name": "test-asg-scale-down",
            "policy_type": "SimpleScaling",
            "predictive_scaling_configuration": [],
            "scaling_adjustment": -1,
            "step_adjustment": [],
            "target_tracking_configuration": []
          },
          "sensitive_attributes": [],
          "private": "bnVsbA==",
          "dependencies": [
            "aws_autoscaling_group.test-asg-01",
            "aws_iam_instance_profile.main",
            "aws_iam_role.instance_profile",
            "aws_launch_configuration.test-lc-01",
            "aws_security_group.test-autoscaling-sg-01",
            "aws_subnet.test-pub-subnet-01",
            "aws_vpc.test-vpc-01"
          ]
        }
      ]
    },
    {
      "mode": "managed",
      "type": "aws_autoscaling_policy",
      "name": "test-asg-scale-up",
      "provider": "provider[\"registry.terraform.io/hashicorp/aws\"]",
      "instances": [
        {
          "schema_version": 0,
          "attributes": {
            "adjustment_type": "ChangeInCapacity",
            "arn": "arn:aws:autoscaling:us-east-1:649452086333:scalingPolicy:0bf1cd10-d345-460c-90d8-4502f58999a0:autoScalingGroupName/test-asg-01:policyName/test-asg-scale-up",
            "autoscaling_group_name": "test-asg-01",
            "cooldown": 300,
            "estimated_instance_warmup": 0,
            "id": "test-asg-scale-up",
            "metric_aggregation_type": "",
            "min_adjustment_magnitude": null,
            "name": "test-asg-scale-up",
            "policy_type": "SimpleScaling",
            "predictive_scaling_configuration": [],
            "scaling_adjustment": 1,
            "step_adjustment": [],
            "target_tracking_configuration": []
          },
          "sensitive_attributes": [],
          "private": "bnVsbA==",
          "dependencies": [
            "aws_autoscaling_group.test-asg-01",
            "aws_iam_instance_profile.main",
            "aws_iam_role.instance_profile",
            "aws_launch_configuration.test-lc-01",
            "aws_security_group.test-autoscaling-sg-01",
            "aws_subnet.test-pub-subnet-01",
            "aws_vpc.test-vpc-01"
          ]
        }
      ]
    },
    {
      "mode": "managed",
      "type": "aws_cloudwatch_metric_alarm",
      "name": "memory-high",
      "provider": "provider[\"registry.terraform.io/hashicorp/aws\"]",
      "instances": [
        {
          "schema_version": 1,
          "attributes": {
            "actions_enabled": true,
            "alarm_actions": [
              "arn:aws:autoscaling:us-east-1:649452086333:scalingPolicy:0bf1cd10-d345-460c-90d8-4502f58999a0:autoScalingGroupName/test-asg-01:policyName/test-asg-scale-up"
            ],
            "alarm_description": "This metric monitors ec2 memory for high utilization on agent hosts",
            "alarm_name": "mem-util-high-agents",
            "arn": "arn:aws:cloudwatch:us-east-1:649452086333:alarm:mem-util-high-agents",
            "comparison_operator": "GreaterThanOrEqualToThreshold",
            "datapoints_to_alarm": 0,
            "dimensions": {
              "AutoScalingGroupName": "test-asg-01"
            },
            "evaluate_low_sample_count_percentiles": "",
            "evaluation_periods": 2,
            "extended_statistic": "",
            "id": "mem-util-high-agents",
            "insufficient_data_actions": null,
            "metric_name": "MemoryUtilization",
            "metric_query": [],
            "namespace": "System/Linux",
            "ok_actions": null,
            "period": 300,
            "statistic": "Average",
            "tags": null,
            "tags_all": {},
            "threshold": 80,
            "threshold_metric_id": "",
            "treat_missing_data": "missing",
            "unit": ""
          },
          "sensitive_attributes": [],
          "private": "eyJzY2hlbWFfdmVyc2lvbiI6IjEifQ==",
          "dependencies": [
            "aws_autoscaling_group.test-asg-01",
            "aws_autoscaling_policy.test-asg-scale-up",
            "aws_iam_instance_profile.main",
            "aws_iam_role.instance_profile",
            "aws_launch_configuration.test-lc-01",
            "aws_security_group.test-autoscaling-sg-01",
            "aws_subnet.test-pub-subnet-01",
            "aws_vpc.test-vpc-01"
          ]
        }
      ]
    },
    {
      "mode": "managed",
      "type": "aws_cloudwatch_metric_alarm",
      "name": "memory-low",
      "provider": "provider[\"registry.terraform.io/hashicorp/aws\"]",
      "instances": [
        {
          "schema_version": 1,
          "attributes": {
            "actions_enabled": true,
            "alarm_actions": [
              "arn:aws:autoscaling:us-east-1:649452086333:scalingPolicy:0bf1cd10-d345-460c-90d8-4502f58999a0:autoScalingGroupName/test-asg-01:policyName/test-asg-scale-up"
            ],
            "alarm_description": "This metric monitors ec2 memory for low utilization on  hosts",
            "alarm_name": "mem-util-low-agents",
            "arn": "arn:aws:cloudwatch:us-east-1:649452086333:alarm:mem-util-low-agents",
            "comparison_operator": "LessThanOrEqualToThreshold",
            "datapoints_to_alarm": 0,
            "dimensions": {
              "AutoScalingGroupName": "test-asg-01"
            },
            "evaluate_low_sample_count_percentiles": "",
            "evaluation_periods": 2,
            "extended_statistic": "",
            "id": "mem-util-low-agents",
            "insufficient_data_actions": null,
            "metric_name": "MemoryUtilization",
            "metric_query": [],
            "namespace": "System/Linux",
            "ok_actions": null,
            "period": 300,
            "statistic": "Average",
            "tags": null,
            "tags_all": {},
            "threshold": 40,
            "threshold_metric_id": "",
            "treat_missing_data": "missing",
            "unit": ""
          },
          "sensitive_attributes": [],
          "private": "eyJzY2hlbWFfdmVyc2lvbiI6IjEifQ==",
          "dependencies": [
            "aws_autoscaling_group.test-asg-01",
            "aws_autoscaling_policy.test-asg-scale-up",
            "aws_iam_instance_profile.main",
            "aws_iam_role.instance_profile",
            "aws_launch_configuration.test-lc-01",
            "aws_security_group.test-autoscaling-sg-01",
            "aws_subnet.test-pub-subnet-01",
            "aws_vpc.test-vpc-01"
          ]
        }
      ]
    },
    {
      "mode": "managed",
      "type": "aws_codedeploy_app",
      "name": "main",
      "provider": "provider[\"registry.terraform.io/hashicorp/aws\"]",
      "instances": [
        {
          "schema_version": 0,
          "attributes": {
            "application_id": "ff79ba17-bdbf-49b6-b902-21d9f2e0b6d6",
            "arn": "arn:aws:codedeploy:us-east-1:649452086333:application:Sample_App",
            "compute_platform": "Server",
            "github_account_name": "",
            "id": "ff79ba17-bdbf-49b6-b902-21d9f2e0b6d6:Sample_App",
            "linked_to_github": false,
            "name": "Sample_App",
            "tags": null,
            "tags_all": {}
          },
          "sensitive_attributes": [],
          "private": "bnVsbA=="
        }
      ]
    },
    {
      "mode": "managed",
      "type": "aws_codedeploy_deployment_group",
      "name": "main",
      "provider": "provider[\"registry.terraform.io/hashicorp/aws\"]",
      "instances": [
        {
          "schema_version": 0,
          "attributes": {
            "alarm_configuration": [],
            "app_name": "Sample_App",
            "arn": "arn:aws:codedeploy:us-east-1:649452086333:deploymentgroup:Sample_App/Sample_DepGroup",
            "auto_rollback_configuration": [
              {
                "enabled": true,
                "events": [
                  "DEPLOYMENT_FAILURE"
                ]
              }
            ],
            "autoscaling_groups": null,
            "blue_green_deployment_config": [],
            "compute_platform": "Server",
            "deployment_config_name": "CodeDeployDefault.OneAtATime",
            "deployment_group_id": "edb6a518-d56a-4f32-9994-30a9adf5ea03",
            "deployment_group_name": "Sample_DepGroup",
            "deployment_style": [
              {
                "deployment_option": "WITHOUT_TRAFFIC_CONTROL",
                "deployment_type": "IN_PLACE"
              }
            ],
            "ec2_tag_filter": [],
            "ec2_tag_set": [
              {
                "ec2_tag_filter": [
                  {
                    "key": "Name",
                    "type": "KEY_AND_VALUE",
                    "value": "nodeJS-App-01"
                  }
                ]
              }
            ],
            "ecs_service": [],
            "id": "edb6a518-d56a-4f32-9994-30a9adf5ea03",
            "load_balancer_info": [
              {
                "elb_info": [
                  {
                    "name": "test-lb-01"
                  }
                ],
                "target_group_info": [],
                "target_group_pair_info": []
              }
            ],
            "on_premises_instance_tag_filter": [],
            "service_role_arn": "arn:aws:iam::649452086333:role/codedeploy-service-role",
            "tags": null,
            "tags_all": {},
            "trigger_configuration": []
          },
          "sensitive_attributes": [],
          "private": "bnVsbA==",
          "dependencies": [
            "aws_codedeploy_app.main",
            "aws_elb.test-lb-01",
            "aws_iam_role.codedeploy_service",
            "aws_security_group.test-autoscaling-sg-01",
            "aws_subnet.test-pub-subnet-01",
            "aws_vpc.test-vpc-01"
          ]
        }
      ]
    },
    {
      "mode": "managed",
      "type": "aws_elb",
      "name": "test-lb-01",
      "provider": "provider[\"registry.terraform.io/hashicorp/aws\"]",
      "instances": [
        {
          "schema_version": 0,
          "attributes": {
            "access_logs": [],
            "arn": "arn:aws:elasticloadbalancing:us-east-1:649452086333:loadbalancer/test-lb-01",
            "availability_zones": [
              "us-east-1d"
            ],
            "connection_draining": true,
            "connection_draining_timeout": 300,
            "cross_zone_load_balancing": true,
            "desync_mitigation_mode": "defensive",
            "dns_name": "test-lb-01-1800319522.us-east-1.elb.amazonaws.com",
            "health_check": [
              {
                "healthy_threshold": 10,
                "interval": 30,
                "target": "HTTP:80/index.html",
                "timeout": 5,
                "unhealthy_threshold": 2
              }
            ],
            "id": "test-lb-01",
            "idle_timeout": 60,
            "instances": [],
            "internal": false,
            "listener": [
              {
                "instance_port": 80,
                "instance_protocol": "http",
                "lb_port": 80,
                "lb_protocol": "http",
                "ssl_certificate_id": ""
              }
            ],
            "name": "test-lb-01",
            "name_prefix": null,
            "security_groups": [
              "sg-0a5fa9a6bcc3c1d93"
            ],
            "source_security_group": "649452086333/test-autoscaling-sg-01",
            "source_security_group_id": "sg-0a5fa9a6bcc3c1d93",
            "subnets": [
              "subnet-07ebbe5b471870eb9"
            ],
            "tags": {
              "Environment": "test",
              "Name": "test-elb-01"
            },
            "tags_all": {
              "Environment": "test",
              "Name": "test-elb-01"
            },
            "zone_id": "Z35SXDOTRQ7X7K"
          },
          "sensitive_attributes": [],
          "private": "bnVsbA==",
          "dependencies": [
            "aws_security_group.test-autoscaling-sg-01",
            "aws_subnet.test-pub-subnet-01",
            "aws_vpc.test-vpc-01"
          ]
        }
      ]
    },
    {
      "mode": "managed",
      "type": "aws_iam_instance_profile",
      "name": "main",
      "provider": "provider[\"registry.terraform.io/hashicorp/aws\"]",
      "instances": [
        {
          "schema_version": 0,
          "attributes": {
            "arn": "arn:aws:iam::649452086333:instance-profile/codedeploy-instance-profile",
            "create_date": "2021-12-13T17:12:32Z",
            "id": "codedeploy-instance-profile",
            "name": "codedeploy-instance-profile",
            "name_prefix": null,
            "path": "/",
            "role": "codedeploy-instance-profile",
            "tags": null,
            "tags_all": {},
            "unique_id": "AIPAZONS4MQ6QQTBOBHG7"
          },
          "sensitive_attributes": [],
          "private": "bnVsbA==",
          "dependencies": [
            "aws_iam_role.instance_profile"
          ],
          "create_before_destroy": true
        }
      ]
    },
    {
      "mode": "managed",
      "type": "aws_iam_role",
      "name": "codedeploy_service",
      "provider": "provider[\"registry.terraform.io/hashicorp/aws\"]",
      "instances": [
        {
          "schema_version": 0,
          "attributes": {
            "arn": "arn:aws:iam::649452086333:role/codedeploy-service-role",
            "assume_role_policy": "{\"Version\":\"2012-10-17\",\"Statement\":[{\"Sid\":\"\",\"Effect\":\"Allow\",\"Principal\":{\"Service\":\"codedeploy.amazonaws.com\"},\"Action\":\"sts:AssumeRole\"}]}",
            "create_date": "2021-12-13T17:12:22Z",
            "description": "",
            "force_detach_policies": false,
            "id": "codedeploy-service-role",
            "inline_policy": [
              {
                "name": "",
                "policy": ""
              }
            ],
            "managed_policy_arns": [],
            "max_session_duration": 3600,
            "name": "codedeploy-service-role",
            "name_prefix": "",
            "path": "/",
            "permissions_boundary": null,
            "tags": null,
            "tags_all": {},
            "unique_id": "AROAZONS4MQ6W7DHIDEQL"
          },
          "sensitive_attributes": [],
          "private": "bnVsbA=="
        }
      ]
    },
    {
      "mode": "managed",
      "type": "aws_iam_role",
      "name": "instance_profile",
      "provider": "provider[\"registry.terraform.io/hashicorp/aws\"]",
      "instances": [
        {
          "schema_version": 0,
          "attributes": {
            "arn": "arn:aws:iam::649452086333:role/codedeploy-instance-profile",
            "assume_role_policy": "{\"Version\":\"2012-10-17\",\"Statement\":[{\"Sid\":\"\",\"Effect\":\"Allow\",\"Principal\":{\"Service\":\"ec2.amazonaws.com\"},\"Action\":\"sts:AssumeRole\"}]}",
            "create_date": "2021-12-13T17:12:27Z",
            "description": "",
            "force_detach_policies": false,
            "id": "codedeploy-instance-profile",
            "inline_policy": [
              {
                "name": "",
                "policy": ""
              }
            ],
            "managed_policy_arns": [],
            "max_session_duration": 3600,
            "name": "codedeploy-instance-profile",
            "name_prefix": "",
            "path": "/",
            "permissions_boundary": null,
            "tags": null,
            "tags_all": {},
            "unique_id": "AROAZONS4MQ6YYFSTFSJ3"
          },
          "sensitive_attributes": [],
          "private": "bnVsbA==",
          "create_before_destroy": true
        }
      ]
    },
    {
      "mode": "managed",
      "type": "aws_iam_role_policy_attachment",
      "name": "codedeploy_service",
      "provider": "provider[\"registry.terraform.io/hashicorp/aws\"]",
      "instances": [
        {
          "schema_version": 0,
          "attributes": {
            "id": "codedeploy-service-role-20211213171228432100000001",
            "policy_arn": "arn:aws:iam::aws:policy/service-role/AWSCodeDeployRole",
            "role": "codedeploy-service-role"
          },
          "sensitive_attributes": [],
          "private": "bnVsbA==",
          "dependencies": [
            "aws_iam_role.codedeploy_service"
          ]
        }
      ]
    },
    {
      "mode": "managed",
      "type": "aws_iam_role_policy_attachment",
      "name": "instance_profile_codedeploy",
      "provider": "provider[\"registry.terraform.io/hashicorp/aws\"]",
      "instances": [
        {
          "schema_version": 0,
          "attributes": {
            "id": "codedeploy-instance-profile-20211213171233147100000002",
            "policy_arn": "arn:aws:iam::aws:policy/service-role/AmazonEC2RoleforAWSCodeDeploy",
            "role": "codedeploy-instance-profile"
          },
          "sensitive_attributes": [],
          "private": "bnVsbA==",
          "dependencies": [
            "aws_iam_role.instance_profile"
          ]
        }
      ]
    },
    {
      "mode": "managed",
      "type": "aws_internet_gateway",
      "name": "test-igw-01",
      "provider": "provider[\"registry.terraform.io/hashicorp/aws\"]",
      "instances": [
        {
          "schema_version": 0,
          "attributes": {
            "arn": "arn:aws:ec2:us-east-1:649452086333:internet-gateway/igw-02d643eeca6456e50",
            "id": "igw-02d643eeca6456e50",
            "owner_id": "649452086333",
            "tags": {
              "Environment": "test",
              "Name": "test-igw-01"
            },
            "tags_all": {
              "Environment": "test",
              "Name": "test-igw-01"
            },
            "vpc_id": "vpc-01fd6ea70b92f2aa4"
          },
          "sensitive_attributes": [],
          "private": "bnVsbA==",
          "dependencies": [
            "aws_vpc.test-vpc-01"
          ]
        }
      ]
    },
    {
      "mode": "managed",
      "type": "aws_launch_configuration",
      "name": "test-lc-01",
      "provider": "provider[\"registry.terraform.io/hashicorp/aws\"]",
      "instances": [
        {
          "schema_version": 0,
          "attributes": {
            "arn": "arn:aws:autoscaling:us-east-1:649452086333:launchConfiguration:821cb184-ad72-4367-9d01-594dc520a4df:launchConfigurationName/test-lc-20211213171255701800000003",
            "associate_public_ip_address": false,
            "ebs_block_device": [],
            "ebs_optimized": false,
            "enable_monitoring": false,
            "ephemeral_block_device": [],
            "iam_instance_profile": "codedeploy-instance-profile",
            "id": "test-lc-20211213171255701800000003",
            "image_id": "ami-061ac2e015473fbe2",
            "instance_type": "t2.micro",
            "key_name": "",
            "metadata_options": [],
            "name": "test-lc-20211213171255701800000003",
            "name_prefix": "test-lc-",
            "placement_tenancy": null,
            "root_block_device": [
              {
                "delete_on_termination": true,
                "encrypted": false,
                "iops": 0,
                "throughput": 0,
                "volume_size": 8,
                "volume_type": "gp2"
              }
            ],
            "security_groups": [
              "sg-0a5fa9a6bcc3c1d93"
            ],
            "spot_price": "",
            "user_data": "3321399c607985bb8bc39da8c50afddb6eff57ba",
            "user_data_base64": null,
            "vpc_classic_link_id": "",
            "vpc_classic_link_security_groups": null
          },
          "sensitive_attributes": [],
          "private": "bnVsbA==",
          "dependencies": [
            "aws_iam_instance_profile.main",
            "aws_iam_role.instance_profile",
            "aws_security_group.test-autoscaling-sg-01",
            "aws_vpc.test-vpc-01"
          ],
          "create_before_destroy": true
        }
      ]
    },
    {
      "mode": "managed",
      "type": "aws_route_table",
      "name": "test-pub-rt-01",
      "provider": "provider[\"registry.terraform.io/hashicorp/aws\"]",
      "instances": [
        {
          "schema_version": 0,
          "attributes": {
            "arn": "arn:aws:ec2:us-east-1:649452086333:route-table/rtb-088a23212af3fdd5a",
            "id": "rtb-088a23212af3fdd5a",
            "owner_id": "649452086333",
            "propagating_vgws": [],
            "route": [
              {
                "carrier_gateway_id": "",
                "cidr_block": "0.0.0.0/0",
                "destination_prefix_list_id": "",
                "egress_only_gateway_id": "",
                "gateway_id": "igw-02d643eeca6456e50",
                "instance_id": "",
                "ipv6_cidr_block": "",
                "local_gateway_id": "",
                "nat_gateway_id": "",
                "network_interface_id": "",
                "transit_gateway_id": "",
                "vpc_endpoint_id": "",
                "vpc_peering_connection_id": ""
              }
            ],
            "tags": {
              "Name": "test-pub-rt-01"
            },
            "tags_all": {
              "Name": "test-pub-rt-01"
            },
            "timeouts": null,
            "vpc_id": "vpc-01fd6ea70b92f2aa4"
          },
          "sensitive_attributes": [],
          "private": "eyJlMmJmYjczMC1lY2FhLTExZTYtOGY4OC0zNDM2M2JjN2M0YzAiOnsiY3JlYXRlIjoxMjAwMDAwMDAwMDAsImRlbGV0ZSI6MzAwMDAwMDAwMDAwLCJ1cGRhdGUiOjEyMDAwMDAwMDAwMH19",
          "dependencies": [
            "aws_internet_gateway.test-igw-01",
            "aws_vpc.test-vpc-01"
          ]
        }
      ]
    },
    {
      "mode": "managed",
      "type": "aws_route_table_association",
      "name": "test-rt-association-01",
      "provider": "provider[\"registry.terraform.io/hashicorp/aws\"]",
      "instances": [
        {
          "schema_version": 0,
          "attributes": {
            "gateway_id": "",
            "id": "rtbassoc-0cf16c1aad67f130f",
            "route_table_id": "rtb-088a23212af3fdd5a",
            "subnet_id": "subnet-07ebbe5b471870eb9"
          },
          "sensitive_attributes": [],
          "private": "bnVsbA==",
          "dependencies": [
            "aws_internet_gateway.test-igw-01",
            "aws_route_table.test-pub-rt-01",
            "aws_subnet.test-pub-subnet-01",
            "aws_vpc.test-vpc-01"
          ]
        }
      ]
    },
    {
      "mode": "managed",
      "type": "aws_security_group",
      "name": "test-autoscaling-sg-01",
      "provider": "provider[\"registry.terraform.io/hashicorp/aws\"]",
      "instances": [
        {
          "schema_version": 1,
          "attributes": {
            "arn": "arn:aws:ec2:us-east-1:649452086333:security-group/sg-0a5fa9a6bcc3c1d93",
            "description": "AutoScaling-Security-Group-1",
            "egress": [
              {
                "cidr_blocks": [
                  "0.0.0.0/0"
                ],
                "description": "",
                "from_port": 0,
                "ipv6_cidr_blocks": [],
                "prefix_list_ids": [],
                "protocol": "-1",
                "security_groups": [],
                "self": false,
                "to_port": 0
              }
            ],
            "id": "sg-0a5fa9a6bcc3c1d93",
            "ingress": [
              {
                "cidr_blocks": [
                  "0.0.0.0/0"
                ],
                "description": "",
                "from_port": 0,
                "ipv6_cidr_blocks": [],
                "prefix_list_ids": [],
                "protocol": "icmp",
                "security_groups": [],
                "self": false,
                "to_port": -1
              },
              {
                "cidr_blocks": [
                  "0.0.0.0/0"
                ],
                "description": "",
                "from_port": 22,
                "ipv6_cidr_blocks": [],
                "prefix_list_ids": [],
                "protocol": "tcp",
                "security_groups": [],
                "self": false,
                "to_port": 22
              },
              {
                "cidr_blocks": [
                  "0.0.0.0/0"
                ],
                "description": "",
                "from_port": 3000,
                "ipv6_cidr_blocks": [],
                "prefix_list_ids": [],
                "protocol": "tcp",
                "security_groups": [],
                "self": false,
                "to_port": 3000
              },
              {
                "cidr_blocks": [
                  "0.0.0.0/0"
                ],
                "description": "",
                "from_port": 80,
                "ipv6_cidr_blocks": [],
                "prefix_list_ids": [],
                "protocol": "tcp",
                "security_groups": [],
                "self": false,
                "to_port": 80
              }
            ],
            "name": "test-autoscaling-sg-01",
            "name_prefix": "",
            "owner_id": "649452086333",
            "revoke_rules_on_delete": false,
            "tags": null,
            "tags_all": {},
            "timeouts": null,
            "vpc_id": "vpc-01fd6ea70b92f2aa4"
          },
          "sensitive_attributes": [],
          "private": "eyJlMmJmYjczMC1lY2FhLTExZTYtOGY4OC0zNDM2M2JjN2M0YzAiOnsiY3JlYXRlIjo2MDAwMDAwMDAwMDAsImRlbGV0ZSI6OTAwMDAwMDAwMDAwfSwic2NoZW1hX3ZlcnNpb24iOiIxIn0=",
          "dependencies": [
            "aws_vpc.test-vpc-01"
          ],
          "create_before_destroy": true
        }
      ]
    },
    {
      "mode": "managed",
      "type": "aws_subnet",
      "name": "test-pub-subnet-01",
      "provider": "provider[\"registry.terraform.io/hashicorp/aws\"]",
      "instances": [
        {
          "schema_version": 1,
          "attributes": {
            "arn": "arn:aws:ec2:us-east-1:649452086333:subnet/subnet-07ebbe5b471870eb9",
            "assign_ipv6_address_on_creation": false,
            "availability_zone": "us-east-1d",
            "availability_zone_id": "use1-az2",
            "cidr_block": "10.0.10.0/24",
            "customer_owned_ipv4_pool": "",
            "id": "subnet-07ebbe5b471870eb9",
            "ipv6_cidr_block": "",
            "ipv6_cidr_block_association_id": "",
            "map_customer_owned_ip_on_launch": false,
            "map_public_ip_on_launch": true,
            "outpost_arn": "",
            "owner_id": "649452086333",
            "tags": {
              "Name": "test-subnet-01"
            },
            "tags_all": {
              "Name": "test-subnet-01"
            },
            "timeouts": null,
            "vpc_id": "vpc-01fd6ea70b92f2aa4"
          },
          "sensitive_attributes": [],
          "private": "eyJlMmJmYjczMC1lY2FhLTExZTYtOGY4OC0zNDM2M2JjN2M0YzAiOnsiY3JlYXRlIjo2MDAwMDAwMDAwMDAsImRlbGV0ZSI6MTIwMDAwMDAwMDAwMH0sInNjaGVtYV92ZXJzaW9uIjoiMSJ9",
          "dependencies": [
            "aws_vpc.test-vpc-01"
          ],
          "create_before_destroy": true
        }
      ]
    },
    {
      "mode": "managed",
      "type": "aws_vpc",
      "name": "test-vpc-01",
      "provider": "provider[\"registry.terraform.io/hashicorp/aws\"]",
      "instances": [
        {
          "schema_version": 1,
          "attributes": {
            "arn": "arn:aws:ec2:us-east-1:649452086333:vpc/vpc-01fd6ea70b92f2aa4",
            "assign_generated_ipv6_cidr_block": false,
            "cidr_block": "10.0.0.0/16",
            "default_network_acl_id": "acl-037a608211ec36e21",
            "default_route_table_id": "rtb-0bca385f6b3dac42f",
            "default_security_group_id": "sg-0bb4c5a10bfe55d09",
            "dhcp_options_id": "dopt-a16254db",
            "enable_classiclink": false,
            "enable_classiclink_dns_support": false,
            "enable_dns_hostnames": true,
            "enable_dns_support": true,
            "id": "vpc-01fd6ea70b92f2aa4",
            "instance_tenancy": "default",
            "ipv4_ipam_pool_id": null,
            "ipv4_netmask_length": null,
            "ipv6_association_id": "",
            "ipv6_cidr_block": "",
            "ipv6_ipam_pool_id": null,
            "ipv6_netmask_length": null,
            "main_route_table_id": "rtb-0bca385f6b3dac42f",
            "owner_id": "649452086333",
            "tags": {
              "Environment": "test",
              "Name": "test-vpc-01"
            },
            "tags_all": {
              "Environment": "test",
              "Name": "test-vpc-01"
            }
          },
          "sensitive_attributes": [],
          "private": "eyJzY2hlbWFfdmVyc2lvbiI6IjEifQ==",
          "create_before_destroy": true
        }
      ]
    }
  ]
}
